
Microsoft Visual Studio Solution File, Format Version 12.00
# Visual Studio Version 17
VisualStudioVersion = 17.5.33516.290
MinimumVisualStudioVersion = 10.0.40219.1
Project("{FAE04EC0-301F-11D3-BF4B-00C04F79EFBC}") = "BILLING", "BILLING.csproj", "{7E6C856E-40F0-49E7-8434-315F007661C6}"
EndProject
Global
	GlobalSection(SolutionConfigurationPlatforms) = preSolution
		Debug|Any CPU = Debug|Any CPU
		Release|Any CPU = Release|Any CPU
	EndGlobalSection
	GlobalSection(ProjectConfigurationPlatforms) = postSolution
		{7E6C856E-40F0-49E7-8434-315F007661C6}.Debug|Any CPU.ActiveCfg = Debug|Any CPU
		{7E6C856E-40F0-49E7-8434-315F007661C6}.Debug|Any CPU.Build.0 = Debug|Any CPU
		{7E6C856E-40F0-49E7-8434-315F007661C6}.Release|Any CPU.ActiveCfg = Release|Any CPU
		{7E6C856E-40F0-49E7-8434-315F007661C6}.Release|Any CPU.Build.0 = Release|Any CPU
	EndGlobalSection
	GlobalSection(SolutionProperties) = preSolution
		HideSolutionNode = FALSE
	EndGlobalSection
	GlobalSection(ExtensibilityGlobals) = postSolution
		SolutionGuid = {CF15630E-C61A-4530-A999-B8DF10C18497}
	EndGlobalSection
EndGlobal
